
Microsoft Visual Studio Solution File, Format Version 12.00
# Visual Studio Version 17
VisualStudioVersion = 17.13.35806.99 d17.13
MinimumVisualStudioVersion = 10.0.40219.1
Project("{54A90642-561A-4BB1-A94E-469ADEE60C69}") = "financeapp.client", "financeapp.client\financeapp.client.esproj", "{9279EFA2-DBFA-76A2-CDD1-C9892794A49C}"
EndProject
Project("{FAE04EC0-301F-11D3-BF4B-00C04F79EFBC}") = "FinanceApp.Server", "FinanceApp.Server\FinanceApp.Server.csproj", "{10D83AEA-B787-406D-AF8F-E7271D7AD68F}"
EndProject
Global
	GlobalSection(SolutionConfigurationPlatforms) = preSolution
		Debug|Any CPU = Debug|Any CPU
		Release|Any CPU = Release|Any CPU
	EndGlobalSection
	GlobalSection(ProjectConfigurationPlatforms) = postSolution
		{9279EFA2-DBFA-76A2-CDD1-C9892794A49C}.Debug|Any CPU.ActiveCfg = Debug|Any CPU
		{9279EFA2-DBFA-76A2-CDD1-C9892794A49C}.Debug|Any CPU.Build.0 = Debug|Any CPU
		{9279EFA2-DBFA-76A2-CDD1-C9892794A49C}.Debug|Any CPU.Deploy.0 = Debug|Any CPU
		{9279EFA2-DBFA-76A2-CDD1-C9892794A49C}.Release|Any CPU.ActiveCfg = Release|Any CPU
		{9279EFA2-DBFA-76A2-CDD1-C9892794A49C}.Release|Any CPU.Build.0 = Release|Any CPU
		{9279EFA2-DBFA-76A2-CDD1-C9892794A49C}.Release|Any CPU.Deploy.0 = Release|Any CPU
		{10D83AEA-B787-406D-AF8F-E7271D7AD68F}.Debug|Any CPU.ActiveCfg = Debug|Any CPU
		{10D83AEA-B787-406D-AF8F-E7271D7AD68F}.Debug|Any CPU.Build.0 = Debug|Any CPU
		{10D83AEA-B787-406D-AF8F-E7271D7AD68F}.Release|Any CPU.ActiveCfg = Release|Any CPU
		{10D83AEA-B787-406D-AF8F-E7271D7AD68F}.Release|Any CPU.Build.0 = Release|Any CPU
	EndGlobalSection
	GlobalSection(SolutionProperties) = preSolution
		HideSolutionNode = FALSE
	EndGlobalSection
	GlobalSection(ExtensibilityGlobals) = postSolution
		SolutionGuid = {BB5F6ED4-E4AF-4E93-A188-5FE45448E232}
	EndGlobalSection
EndGlobal
